// !$*UTF8*$!
{
	archiveVersion = 1;
	classes = {
	};
	objectVersion = 46;
	objects = {

/* Begin PBXBuildFile section */
		E332AB2B1A3D79060020A178 /* main.m in Sources */ = {isa = PBXBuildFile; fileRef = E332AB2A1A3D79060020A178 /* main.m */; };
		E332AB2E1A3D79060020A178 /* AppDelegate.m in Sources */ = {isa = PBXBuildFile; fileRef = E332AB2D1A3D79060020A178 /* AppDelegate.m */; };
		E332AB311A3D79060020A178 /* ViewController.m in Sources */ = {isa = PBXBuildFile; fileRef = E332AB301A3D79060020A178 /* ViewController.m */; };
		E332AB341A3D79060020A178 /* Main.storyboard in Resources */ = {isa = PBXBuildFile; fileRef = E332AB321A3D79060020A178 /* Main.storyboard */; };
		E332AB361A3D79060020A178 /* Images.xcassets in Resources */ = {isa = PBXBuildFile; fileRef = E332AB351A3D79060020A178 /* Images.xcassets */; };
		E332AB391A3D79060020A178 /* LaunchScreen.xib in Resources */ = {isa = PBXBuildFile; fileRef = E332AB371A3D79060020A178 /* LaunchScreen.xib */; };
		E332AB451A3D79060020A178 /* SuperCardTests.m in Sources */ = {isa = PBXBuildFile; fileRef = E332AB441A3D79060020A178 /* SuperCardTests.m */; };
		E332AB501A3D7C280020A178 /* PlayingCardView.m in Sources */ = {isa = PBXBuildFile; fileRef = E332AB4F1A3D7C280020A178 /* PlayingCardView.m */; };
		E38C41AF1A439EEF009C0A66 /* PlayingCard.m in Sources */ = {isa = PBXBuildFile; fileRef = E38C41AC1A439EEF009C0A66 /* PlayingCard.m */; };
		E38C41B01A439EEF009C0A66 /* PlayingCardDeck.m in Sources */ = {isa = PBXBuildFile; fileRef = E38C41AE1A439EEF009C0A66 /* PlayingCardDeck.m */; };
		E38C41B31A439F52009C0A66 /* Deck.m in Sources */ = {isa = PBXBuildFile; fileRef = E38C41B21A439F52009C0A66 /* Deck.m */; };
		E38C41BA1A43A37A009C0A66 /* Card.h in Sources */ = {isa = PBXBuildFile; fileRef = E38C41B81A43A37A009C0A66 /* Card.h */; };
		E38C41BB1A43A37A009C0A66 /* Card.m in Sources */ = {isa = PBXBuildFile; fileRef = E38C41B91A43A37A009C0A66 /* Card.m */; };
/* End PBXBuildFile section */

/* Begin PBXContainerItemProxy section */
		E332AB3F1A3D79060020A178 /* PBXContainerItemProxy */ = {
			isa = PBXContainerItemProxy;
			containerPortal = E332AB1D1A3D79060020A178 /* Project object */;
			proxyType = 1;
			remoteGlobalIDString = E332AB241A3D79060020A178;
			remoteInfo = SuperCard;
		};
/* End PBXContainerItemProxy section */

/* Begin PBXFileReference section */
		E332AB251A3D79060020A178 /* SuperCard.app */ = {isa = PBXFileReference; explicitFileType = wrapper.application; includeInIndex = 0; path = SuperCard.app; sourceTree = BUILT_PRODUCTS_DIR; };
		E332AB291A3D79060020A178 /* Info.plist */ = {isa = PBXFileReference; lastKnownFileType = text.plist.xml; path = Info.plist; sourceTree = "<group>"; };
		E332AB2A1A3D79060020A178 /* main.m */ = {isa = PBXFileReference; lastKnownFileType = sourcecode.c.objc; path = main.m; sourceTree = "<group>"; };
		E332AB2C1A3D79060020A178 /* AppDelegate.h */ = {isa = PBXFileReference; lastKnownFileType = sourcecode.c.h; path = AppDelegate.h; sourceTree = "<group>"; };
		E332AB2D1A3D79060020A178 /* AppDelegate.m */ = {isa = PBXFileReference; lastKnownFileType = sourcecode.c.objc; path = AppDelegate.m; sourceTree = "<group>"; };
		E332AB2F1A3D79060020A178 /* ViewController.h */ = {isa = PBXFileReference; lastKnownFileType = sourcecode.c.h; path = ViewController.h; sourceTree = "<group>"; };
		E332AB301A3D79060020A178 /* ViewController.m */ = {isa = PBXFileReference; lastKnownFileType = sourcecode.c.objc; path = ViewController.m; sourceTree = "<group>"; };
		E332AB331A3D79060020A178 /* Base */ = {isa = PBXFileReference; lastKnownFileType = file.storyboard; name = Base; path = Base.lproj/Main.storyboard; sourceTree = "<group>"; };
		E332AB351A3D79060020A178 /* Images.xcassets */ = {isa = PBXFileReference; lastKnownFileType = folder.assetcatalog; path = Images.xcassets; sourceTree = "<group>"; };
		E332AB381A3D79060020A178 /* Base */ = {isa = PBXFileReference; lastKnownFileType = file.xib; name = Base; path = Base.lproj/LaunchScreen.xib; sourceTree = "<group>"; };
		E332AB3E1A3D79060020A178 /* SuperCardTests.xctest */ = {isa = PBXFileReference; explicitFileType = wrapper.cfbundle; includeInIndex = 0; path = SuperCardTests.xctest; sourceTree = BUILT_PRODUCTS_DIR; };
		E332AB431A3D79060020A178 /* Info.plist */ = {isa = PBXFileReference; lastKnownFileType = text.plist.xml; path = Info.plist; sourceTree = "<group>"; };
		E332AB441A3D79060020A178 /* SuperCardTests.m */ = {isa = PBXFileReference; lastKnownFileType = sourcecode.c.objc; path = SuperCardTests.m; sourceTree = "<group>"; };
		E332AB4E1A3D7C280020A178 /* PlayingCardView.h */ = {isa = PBXFileReference; fileEncoding = 4; lastKnownFileType = sourcecode.c.h; path = PlayingCardView.h; sourceTree = "<group>"; };
		E332AB4F1A3D7C280020A178 /* PlayingCardView.m */ = {isa = PBXFileReference; fileEncoding = 4; lastKnownFileType = sourcecode.c.objc; path = PlayingCardView.m; sourceTree = "<group>"; };
		E38C41AB1A439EEF009C0A66 /* PlayingCard.h */ = {isa = PBXFileReference; fileEncoding = 4; lastKnownFileType = sourcecode.c.h; name = PlayingCard.h; path = ../../stanford1/PlayingCard.h; sourceTree = "<group>"; };
		E38C41AC1A439EEF009C0A66 /* PlayingCard.m */ = {isa = PBXFileReference; fileEncoding = 4; lastKnownFileType = sourcecode.c.objc; name = PlayingCard.m; path = ../../stanford1/PlayingCard.m; sourceTree = "<group>"; };
		E38C41AD1A439EEF009C0A66 /* PlayingCardDeck.h */ = {isa = PBXFileReference; fileEncoding = 4; lastKnownFileType = sourcecode.c.h; name = PlayingCardDeck.h; path = ../../stanford1/PlayingCardDeck.h; sourceTree = "<group>"; };
		E38C41AE1A439EEF009C0A66 /* PlayingCardDeck.m */ = {isa = PBXFileReference; fileEncoding = 4; lastKnownFileType = sourcecode.c.objc; name = PlayingCardDeck.m; path = ../../stanford1/PlayingCardDeck.m; sourceTree = "<group>"; };
		E38C41B11A439F52009C0A66 /* Deck.h */ = {isa = PBXFileReference; fileEncoding = 4; lastKnownFileType = sourcecode.c.h; name = Deck.h; path = ../../stanford1/stanford1/Deck.h; sourceTree = "<group>"; };
		E38C41B21A439F52009C0A66 /* Deck.m */ = {isa = PBXFileReference; fileEncoding = 4; lastKnownFileType = sourcecode.c.objc; name = Deck.m; path = ../../stanford1/stanford1/Deck.m; sourceTree = "<group>"; };
		E38C41B81A43A37A009C0A66 /* Card.h */ = {isa = PBXFileReference; lastKnownFileType = sourcecode.c.h; name = Card.h; path = ../../stanford1/stanford1/Card.h; sourceTree = "<group>"; };
		E38C41B91A43A37A009C0A66 /* Card.m */ = {isa = PBXFileReference; lastKnownFileType = sourcecode.c.objc; name = Card.m; path = ../../stanford1/stanford1/Card.m; sourceTree = "<group>"; };
/* End PBXFileReference section */

/* Begin PBXFrameworksBuildPhase section */
		E332AB221A3D79060020A178 /* Frameworks */ = {
			isa = PBXFrameworksBuildPhase;
			buildActionMask = 2147483647;
			files = (
			);
			runOnlyForDeploymentPostprocessing = 0;
		};
		E332AB3B1A3D79060020A178 /* Frameworks */ = {
			isa = PBXFrameworksBuildPhase;
			buildActionMask = 2147483647;
			files = (
			);
			runOnlyForDeploymentPostprocessing = 0;
		};
/* End PBXFrameworksBuildPhase section */

/* Begin PBXGroup section */
		E332AB1C1A3D79060020A178 = {
			isa = PBXGroup;
			children = (
				E332AB271A3D79060020A178 /* SuperCard */,
				E332AB411A3D79060020A178 /* SuperCardTests */,
				E332AB261A3D79060020A178 /* Products */,
			);
			sourceTree = "<group>";
		};
		E332AB261A3D79060020A178 /* Products */ = {
			isa = PBXGroup;
			children = (
				E332AB251A3D79060020A178 /* SuperCard.app */,
				E332AB3E1A3D79060020A178 /* SuperCardTests.xctest */,
			);
			name = Products;
			sourceTree = "<group>";
		};
		E332AB271A3D79060020A178 /* SuperCard */ = {
			isa = PBXGroup;
			children = (
				E332AB2F1A3D79060020A178 /* ViewController.h */,
				E332AB301A3D79060020A178 /* ViewController.m */,
				E332AB321A3D79060020A178 /* Main.storyboard */,
				E332AB4E1A3D7C280020A178 /* PlayingCardView.h */,
				E332AB4F1A3D7C280020A178 /* PlayingCardView.m */,
				E332AB351A3D79060020A178 /* Images.xcassets */,
				E332AB281A3D79060020A178 /* Supporting Files */,
			);
			path = SuperCard;
			sourceTree = "<group>";
		};
		E332AB281A3D79060020A178 /* Supporting Files */ = {
			isa = PBXGroup;
			children = (
				E38C41B11A439F52009C0A66 /* Deck.h */,
				E38C41B21A439F52009C0A66 /* Deck.m */,
				E38C41B81A43A37A009C0A66 /* Card.h */,
				E38C41B91A43A37A009C0A66 /* Card.m */,
				E38C41AB1A439EEF009C0A66 /* PlayingCard.h */,
				E38C41AC1A439EEF009C0A66 /* PlayingCard.m */,
				E38C41AD1A439EEF009C0A66 /* PlayingCardDeck.h */,
				E38C41AE1A439EEF009C0A66 /* PlayingCardDeck.m */,
				E332AB2C1A3D79060020A178 /* AppDelegate.h */,
				E332AB2D1A3D79060020A178 /* AppDelegate.m */,
				E332AB371A3D79060020A178 /* LaunchScreen.xib */,
				E332AB291A3D79060020A178 /* Info.plist */,
				E332AB2A1A3D79060020A178 /* main.m */,
			);
			name = "Supporting Files";
			sourceTree = "<group>";
		};
		E332AB411A3D79060020A178 /* SuperCardTests */ = {
			isa = PBXGroup;
			children = (
				E332AB441A3D79060020A178 /* SuperCardTests.m */,
				E332AB421A3D79060020A178 /* Supporting Files */,
			);
			path = SuperCardTests;
			sourceTree = "<group>";
		};
		E332AB421A3D79060020A178 /* Supporting Files */ = {
			isa = PBXGroup;
			children = (
				E332AB431A3D79060020A178 /* Info.plist */,
			);
			name = "Supporting Files";
			sourceTree = "<group>";
		};
/* End PBXGroup section */

/* Begin PBXNativeTarget section */
		E332AB241A3D79060020A178 /* SuperCard */ = {
			isa = PBXNativeTarget;
			buildConfigurationList = E332AB481A3D79060020A178 /* Build configuration list for PBXNativeTarget "SuperCard" */;
			buildPhases = (
				E332AB211A3D79060020A178 /* Sources */,
				E332AB221A3D79060020A178 /* Frameworks */,
				E332AB231A3D79060020A178 /* Resources */,
			);
			buildRules = (
			);
			dependencies = (
			);
			name = SuperCard;
			productName = SuperCard;
			productReference = E332AB251A3D79060020A178 /* SuperCard.app */;
			productType = "com.apple.product-type.application";
		};
		E332AB3D1A3D79060020A178 /* SuperCardTests */ = {
			isa = PBXNativeTarget;
			buildConfigurationList = E332AB4B1A3D79060020A178 /* Build configuration list for PBXNativeTarget "SuperCardTests" */;
			buildPhases = (
				E332AB3A1A3D79060020A178 /* Sources */,
				E332AB3B1A3D79060020A178 /* Frameworks */,
				E332AB3C1A3D79060020A178 /* Resources */,
			);
			buildRules = (
			);
			dependencies = (
				E332AB401A3D79060020A178 /* PBXTargetDependency */,
			);
			name = SuperCardTests;
			productName = SuperCardTests;
			productReference = E332AB3E1A3D79060020A178 /* SuperCardTests.xctest */;
			productType = "com.apple.product-type.bundle.unit-test";
		};
/* End PBXNativeTarget section */

/* Begin PBXProject section */
		E332AB1D1A3D79060020A178 /* Project object */ = {
			isa = PBXProject;
			attributes = {
				LastUpgradeCheck = 0610;
				ORGANIZATIONNAME = "Julie Huguet";
				TargetAttributes = {
					E332AB241A3D79060020A178 = {
						CreatedOnToolsVersion = 6.1.1;
					};
					E332AB3D1A3D79060020A178 = {
						CreatedOnToolsVersion = 6.1.1;
						TestTargetID = E332AB241A3D79060020A178;
					};
				};
			};
			buildConfigurationList = E332AB201A3D79060020A178 /* Build configuration list for PBXProject "SuperCard" */;
			compatibilityVersion = "Xcode 3.2";
			developmentRegion = English;
			hasScannedForEncodings = 0;
			knownRegions = (
				en,
				Base,
			);
			mainGroup = E332AB1C1A3D79060020A178;
			productRefGroup = E332AB261A3D79060020A178 /* Products */;
			projectDirPath = "";
			projectRoot = "";
			targets = (
				E332AB241A3D79060020A178 /* SuperCard */,
				E332AB3D1A3D79060020A178 /* SuperCardTests */,
			);
		};
/* End PBXProject section */

/* Begin PBXResourcesBuildPhase section */
		E332AB231A3D79060020A178 /* Resources */ = {
			isa = PBXResourcesBuildPhase;
			buildActionMask = 2147483647;
			files = (
				E332AB341A3D79060020A178 /* Main.storyboard in Resources */,
				E332AB391A3D79060020A178 /* LaunchScreen.xib in Resources */,
				E332AB361A3D79060020A178 /* Images.xcassets in Resources */,
			);
			runOnlyForDeploymentPostprocessing = 0;
		};
		E332AB3C1A3D79060020A178 /* Resources */ = {
			isa = PBXResourcesBuildPhase;
			buildActionMask = 2147483647;
			files = (
			);
			runOnlyForDeploymentPostprocessing = 0;
		};
/* End PBXResourcesBuildPhase section */

/* Begin PBXSourcesBuildPhase section */
		E332AB211A3D79060020A178 /* Sources */ = {
			isa = PBXSourcesBuildPhase;
			buildActionMask = 2147483647;
			files = (
				E38C41BA1A43A37A009C0A66 /* Card.h in Sources */,
				E38C41BB1A43A37A009C0A66 /* Card.m in Sources */,
				E332AB311A3D79060020A178 /* ViewController.m in Sources */,
				E38C41B31A439F52009C0A66 /* Deck.m in Sources */,
				E38C41B01A439EEF009C0A66 /* PlayingCardDeck.m in Sources */,
				E332AB501A3D7C280020A178 /* PlayingCardView.m in Sources */,
				E332AB2E1A3D79060020A178 /* AppDelegate.m in Sources */,
				E38C41AF1A439EEF009C0A66 /* PlayingCard.m in Sources */,
				E332AB2B1A3D79060020A178 /* main.m in Sources */,
			);
			runOnlyForDeploymentPostprocessing = 0;
		};
		E332AB3A1A3D79060020A178 /* Sources */ = {
			isa = PBXSourcesBuildPhase;
			buildActionMask = 2147483647;
			files = (
				E332AB451A3D79060020A178 /* SuperCardTests.m in Sources */,
			);
			runOnlyForDeploymentPostprocessing = 0;
		};
/* End PBXSourcesBuildPhase section */

/* Begin PBXTargetDependency section */
		E332AB401A3D79060020A178 /* PBXTargetDependency */ = {
			isa = PBXTargetDependency;
			target = E332AB241A3D79060020A178 /* SuperCard */;
			targetProxy = E332AB3F1A3D79060020A178 /* PBXContainerItemProxy */;
		};
/* End PBXTargetDependency section */

/* Begin PBXVariantGroup section */
		E332AB321A3D79060020A178 /* Main.storyboard */ = {
			isa = PBXVariantGroup;
			children = (
				E332AB331A3D79060020A178 /* Base */,
			);
			name = Main.storyboard;
			sourceTree = "<group>";
		};
		E332AB371A3D79060020A178 /* LaunchScreen.xib */ = {
			isa = PBXVariantGroup;
			children = (
				E332AB381A3D79060020A178 /* Base */,
			);
			name = LaunchScreen.xib;
			sourceTree = "<group>";
		};
/* End PBXVariantGroup section */

/* Begin XCBuildConfiguration section */
		E332AB461A3D79060020A178 /* Debug */ = {
			isa = XCBuildConfiguration;
			buildSettings = {
				ALWAYS_SEARCH_USER_PATHS = NO;
				CLANG_CXX_LANGUAGE_STANDARD = "gnu++0x";
				CLANG_CXX_LIBRARY = "libc++";
				CLANG_ENABLE_MODULES = YES;
				CLANG_ENABLE_OBJC_ARC = YES;
				CLANG_WARN_BOOL_CONVERSION = YES;
				CLANG_WARN_CONSTANT_CONVERSION = YES;
				CLANG_WARN_DIRECT_OBJC_ISA_USAGE = YES_ERROR;
				CLANG_WARN_EMPTY_BODY = YES;
				CLANG_WARN_ENUM_CONVERSION = YES;
				CLANG_WARN_INT_CONVERSION = YES;
				CLANG_WARN_OBJC_ROOT_CLASS = YES_ERROR;
				CLANG_WARN_UNREACHABLE_CODE = YES;
				CLANG_WARN__DUPLICATE_METHOD_MATCH = YES;
				"CODE_SIGN_IDENTITY[sdk=iphoneos*]" = "iPhone Developer";
				COPY_PHASE_STRIP = NO;
				ENABLE_STRICT_OBJC_MSGSEND = YES;
				GCC_C_LANGUAGE_STANDARD = gnu99;
				GCC_DYNAMIC_NO_PIC = NO;
				GCC_OPTIMIZATION_LEVEL = 0;
				GCC_PREPROCESSOR_DEFINITIONS = (
					"DEBUG=1",
					"$(inherited)",
				);
				GCC_SYMBOLS_PRIVATE_EXTERN = NO;
				GCC_WARN_64_TO_32_BIT_CONVERSION = YES;
				GCC_WARN_ABOUT_RETURN_TYPE = YES_ERROR;
				GCC_WARN_UNDECLARED_SELECTOR = YES;
				GCC_WARN_UNINITIALIZED_AUTOS = YES_AGGRESSIVE;
				GCC_WARN_UNUSED_FUNCTION = YES;
				GCC_WARN_UNUSED_VARIABLE = YES;
				IPHONEOS_DEPLOYMENT_TARGET = 8.1;
				MTL_ENABLE_DEBUG_INFO = YES;
				ONLY_ACTIVE_ARCH = YES;
				SDKROOT = iphoneos;
			};
			name = Debug;
		};
		E332AB471A3D79060020A178 /* Release */ = {
			isa = XCBuildConfiguration;
			buildSettings = {
				ALWAYS_SEARCH_USER_PATHS = NO;
				CLANG_CXX_LANGUAGE_STANDARD = "gnu++0x";
				CLANG_CXX_LIBRARY = "libc++";
				CLANG_ENABLE_MODULES = YES;
				CLANG_ENABLE_OBJC_ARC = YES;
				CLANG_WARN_BOOL_CONVERSION = YES;
				CLANG_WARN_CONSTANT_CONVERSION = YES;
				CLANG_WARN_DIRECT_OBJC_ISA_USAGE = YES_ERROR;
				CLANG_WARN_EMPTY_BODY = YES;
				CLANG_WARN_ENUM_CONVERSION = YES;
				CLANG_WARN_INT_CONVERSION = YES;
				CLANG_WARN_OBJC_ROOT_CLASS = YES_ERROR;
				CLANG_WARN_UNREACHABLE_CODE = YES;
				CLANG_WARN__DUPLICATE_METHOD_MATCH = YES;
				"CODE_SIGN_IDENTITY[sdk=iphoneos*]" = "iPhone Developer";
				COPY_PHASE_STRIP = YES;
				ENABLE_NS_ASSERTIONS = NO;
				ENABLE_STRICT_OBJC_MSGSEND = YES;
				GCC_C_LANGUAGE_STANDARD = gnu99;
				GCC_WARN_64_TO_32_BIT_CONVERSION = YES;
				GCC_WARN_ABOUT_RETURN_TYPE = YES_ERROR;
				GCC_WARN_UNDECLARED_SELECTOR = YES;
				GCC_WARN_UNINITIALIZED_AUTOS = YES_AGGRESSIVE;
				GCC_WARN_UNUSED_FUNCTION = YES;
				GCC_WARN_UNUSED_VARIABLE = YES;
				IPHONEOS_DEPLOYMENT_TARGET = 8.1;
				MTL_ENABLE_DEBUG_INFO = NO;
				SDKROOT = iphoneos;
				VALIDATE_PRODUCT = YES;
			};
			name = Release;
		};
		E332AB491A3D79060020A178 /* Debug */ = {
			isa = XCBuildConfiguration;
			buildSettings = {
				ASSETCATALOG_COMPILER_APPICON_NAME = AppIcon;
				INFOPLIST_FILE = SuperCard/Info.plist;
				LD_RUNPATH_SEARCH_PATHS = "$(inherited) @executable_path/Frameworks";
				PRODUCT_NAME = "$(TARGET_NAME)";
			};
			name = Debug;
		};
		E332AB4A1A3D79060020A178 /* Release */ = {
			isa = XCBuildConfiguration;
			buildSettings = {
				ASSETCATALOG_COMPILER_APPICON_NAME = AppIcon;
				INFOPLIST_FILE = SuperCard/Info.plist;
				LD_RUNPATH_SEARCH_PATHS = "$(inherited) @executable_path/Frameworks";
				PRODUCT_NAME = "$(TARGET_NAME)";
			};
			name = Release;
		};
		E332AB4C1A3D79060020A178 /* Debug */ = {
			isa = XCBuildConfiguration;
			buildSettings = {
				BUNDLE_LOADER = "$(TEST_HOST)";
				FRAMEWORK_SEARCH_PATHS = (
					"$(SDKROOT)/Developer/Library/Frameworks",
					"$(inherited)",
				);
				GCC_PREPROCESSOR_DEFINITIONS = (
					"DEBUG=1",
					"$(inherited)",
				);
				INFOPLIST_FILE = SuperCardTests/Info.plist;
				LD_RUNPATH_SEARCH_PATHS = "$(inherited) @executable_path/Frameworks @loader_path/Frameworks";
				PRODUCT_NAME = "$(TARGET_NAME)";
				TEST_HOST = "$(BUILT_PRODUCTS_DIR)/SuperCard.app/SuperCard";
			};
			name = Debug;
		};
		E332AB4D1A3D79060020A178 /* Release */ = {
			isa = XCBuildConfiguration;
			buildSettings = {
				BUNDLE_LOADER = "$(TEST_HOST)";
				FRAMEWORK_SEARCH_PATHS = (
					"$(SDKROOT)/Developer/Library/Frameworks",
					"$(inherited)",
				);
				INFOPLIST_FILE = SuperCardTests/Info.plist;
				LD_RUNPATH_SEARCH_PATHS = "$(inherited) @executable_path/Frameworks @loader_path/Frameworks";
				PRODUCT_NAME = "$(TARGET_NAME)";
				TEST_HOST = "$(BUILT_PRODUCTS_DIR)/SuperCard.app/SuperCard";
			};
			name = Release;
		};
/* End XCBuildConfiguration section */

/* Begin XCConfigurationList section */
		E332AB201A3D79060020A178 /* Build configuration list for PBXProject "SuperCard" */ = {
			isa = XCConfigurationList;
			buildConfigurations = (
				E332AB461A3D79060020A178 /* Debug */,
				E332AB471A3D79060020A178 /* Release */,
			);
			defaultConfigurationIsVisible = 0;
			defaultConfigurationName = Release;
		};
		E332AB481A3D79060020A178 /* Build configuration list for PBXNativeTarget "SuperCard" */ = {
			isa = XCConfigurationList;
			buildConfigurations = (
				E332AB491A3D79060020A178 /* Debug */,
				E332AB4A1A3D79060020A178 /* Release */,
			);
			defaultConfigurationIsVisible = 0;
			defaultConfigurationName = Release;
		};
		E332AB4B1A3D79060020A178 /* Build configuration list for PBXNativeTarget "SuperCardTests" */ = {
			isa = XCConfigurationList;
			buildConfigurations = (
				E332AB4C1A3D79060020A178 /* Debug */,
				E332AB4D1A3D79060020A178 /* Release */,
			);
			defaultConfigurationIsVisible = 0;
			defaultConfigurationName = Release;
		};
/* End XCConfigurationList section */
	};
	rootObject = E332AB1D1A3D79060020A178 /* Project object */;
}
